
Microsoft Visual Studio Solution File, Format Version 11.00
# Visual Studio 2010
Project("{FAE04EC0-301F-11D3-BF4B-00C04F79EFBC}") = "Assembly-CSharp", "Assembly-CSharp.csproj", "{eba29963-515b-5003-e2ab-8cba23fa3e07}"
EndProject
Project("{FAE04EC0-301F-11D3-BF4B-00C04F79EFBC}") = "Assembly-CSharp-Editor", "Assembly-CSharp-Editor.csproj", "{df7c74b5-3d23-76b6-5aac-1ea290b8d4b1}"
EndProject
Global
	GlobalSection(SolutionConfigurationPlatforms) = preSolution
		Debug|Any CPU = Debug|Any CPU
	EndGlobalSection
	GlobalSection(ProjectConfigurationPlatforms) = postSolution
		{eba29963-515b-5003-e2ab-8cba23fa3e07}.Debug|Any CPU.ActiveCfg = Debug|Any CPU
		{eba29963-515b-5003-e2ab-8cba23fa3e07}.Debug|Any CPU.Build.0 = Debug|Any CPU
		{df7c74b5-3d23-76b6-5aac-1ea290b8d4b1}.Debug|Any CPU.ActiveCfg = Debug|Any CPU
		{df7c74b5-3d23-76b6-5aac-1ea290b8d4b1}.Debug|Any CPU.Build.0 = Debug|Any CPU
	EndGlobalSection
	GlobalSection(SolutionProperties) = preSolution
		HideSolutionNode = FALSE
	EndGlobalSection
EndGlobal
